
Microsoft Visual Studio Solution File, Format Version 12.00
# Visual Studio 2012
Project("{FAE04EC0-301F-11D3-BF4B-00C04F79EFBC}") = "lambda-expressions", "lambda-expressions\lambda-expressions.csproj", "{7DDF99EC-1596-4262-8064-9ACAF1D3E6BD}"
EndProject
Global
	GlobalSection(SolutionConfigurationPlatforms) = preSolution
		Debug|x86 = Debug|x86
		Release|x86 = Release|x86
	EndGlobalSection
	GlobalSection(ProjectConfigurationPlatforms) = postSolution
		{7DDF99EC-1596-4262-8064-9ACAF1D3E6BD}.Debug|x86.ActiveCfg = Debug|x86
		{7DDF99EC-1596-4262-8064-9ACAF1D3E6BD}.Debug|x86.Build.0 = Debug|x86
		{7DDF99EC-1596-4262-8064-9ACAF1D3E6BD}.Release|x86.ActiveCfg = Release|x86
		{7DDF99EC-1596-4262-8064-9ACAF1D3E6BD}.Release|x86.Build.0 = Release|x86
	EndGlobalSection
EndGlobal
